PODS:
  - RevealingSplashView (0.6.0)
  - SkyFloatingLabelTextField (3.7.0)

DEPENDENCIES:
  - RevealingSplashView (~> 0.2)
  - SkyFloatingLabelTextField (~> 3.0)

SPEC REPOS:
  https://github.com/cocoapods/specs.git:
    - RevealingSplashView
    - SkyFloatingLabelTextField

SPEC CHECKSUMS:
  RevealingSplashView: 40c5a770894459736acdc95655eeba0dd30ce91c
  SkyFloatingLabelTextField: 4b46db0ab1ccde0919cded29c656e6b4805eda04

PODFILE CHECKSUM: 9f6f55023d5837a44838045e019d257fcf8f510d

COCOAPODS: 1.7.5
