PODS:
  - RevealingSplashView (0.9.0)
  - SkyFloatingLabelTextField (4.0.0)

DEPENDENCIES:
  - RevealingSplashView (from `https://github.com/PiXeL16/RevealingSplashView.git`, tag `0.9.0`)
  - SkyFloatingLabelTextField (~> 4.0)

SPEC REPOS:
  trunk:
    - SkyFloatingLabelTextField

EXTERNAL SOURCES:
  RevealingSplashView:
    :git: https://github.com/PiXeL16/RevealingSplashView.git
    :tag: 0.9.0

CHECKOUT OPTIONS:
  RevealingSplashView:
    :git: https://github.com/PiXeL16/RevealingSplashView.git
    :tag: 0.9.0

SPEC CHECKSUMS:
  RevealingSplashView: 84771867eddc18612f2f3c998d947d40c36e7c52
  SkyFloatingLabelTextField: 79ddc40e4ad59707fedbb48d605417aee48bb78a

PODFILE CHECKSUM: b669a0ade25e99933cb5eb7dd3a0208e32220016

COCOAPODS: 1.11.2
