// !$*UTF8*$!
{
	archiveVersion = 1;
	classes = {
	};
	objectVersion = 46;
	objects = {

/* Begin PBXBuildFile section */
		8B396BF01E360A6100197142 /* AppDelegate.swift in Sources */ = {isa = PBXBuildFile; fileRef = 8B396BEF1E360A6100197142 /* AppDelegate.swift */; };
		8B396BF21E360A6100197142 /* ViewController.swift in Sources */ = {isa = PBXBuildFile; fileRef = 8B396BF11E360A6100197142 /* ViewController.swift */; };
		8B396BF51E360A6100197142 /* Main.storyboard in Resources */ = {isa = PBXBuildFile; fileRef = 8B396BF31E360A6100197142 /* Main.storyboard */; };
		8B396BF71E360A6100197142 /* Assets.xcassets in Resources */ = {isa = PBXBuildFile; fileRef = 8B396BF61E360A6100197142 /* Assets.xcassets */; };
		8B396BFA1E360A6100197142 /* LaunchScreen.storyboard in Resources */ = {isa = PBXBuildFile; fileRef = 8B396BF81E360A6100197142 /* LaunchScreen.storyboard */; };
		8B396BFF1E360A6200197142 /* Alarm WatchKit App.app in Embed Watch Content */ = {isa = PBXBuildFile; fileRef = 8B396BFE1E360A6200197142 /* Alarm WatchKit App.app */; };
		8B396C051E360A6200197142 /* Interface.storyboard in Resources */ = {isa = PBXBuildFile; fileRef = 8B396C031E360A6200197142 /* Interface.storyboard */; };
		8B396C071E360A6200197142 /* Assets.xcassets in Resources */ = {isa = PBXBuildFile; fileRef = 8B396C061E360A6200197142 /* Assets.xcassets */; };
		8B396C0E1E360A6200197142 /* Alarm WatchKit Extension.appex in Embed App Extensions */ = {isa = PBXBuildFile; fileRef = 8B396C0D1E360A6200197142 /* Alarm WatchKit Extension.appex */; settings = {ATTRIBUTES = (RemoveHeadersOnCopy, ); }; };
		8B396C151E360A6200197142 /* InterfaceController.swift in Sources */ = {isa = PBXBuildFile; fileRef = 8B396C141E360A6200197142 /* InterfaceController.swift */; };
		8B396C171E360A6200197142 /* ExtensionDelegate.swift in Sources */ = {isa = PBXBuildFile; fileRef = 8B396C161E360A6200197142 /* ExtensionDelegate.swift */; };
		8B396C191E360A6200197142 /* NotificationController.swift in Sources */ = {isa = PBXBuildFile; fileRef = 8B396C181E360A6200197142 /* NotificationController.swift */; };
		8B396C1B1E360A6200197142 /* ComplicationController.swift in Sources */ = {isa = PBXBuildFile; fileRef = 8B396C1A1E360A6200197142 /* ComplicationController.swift */; };
		8B396C1D1E360A6200197142 /* Assets.xcassets in Resources */ = {isa = PBXBuildFile; fileRef = 8B396C1C1E360A6200197142 /* Assets.xcassets */; };
		8B980C071E360B0C00C815BD /* Alarm.swift in Sources */ = {isa = PBXBuildFile; fileRef = 8B980C061E360B0C00C815BD /* Alarm.swift */; };
		8BB2F7F21E47332E00A674C9 /* UIColorExtensions.swift in Sources */ = {isa = PBXBuildFile; fileRef = 8BB2F7F11E47332E00A674C9 /* UIColorExtensions.swift */; };
		8BB2F7F41E47335400A674C9 /* Item.swift in Sources */ = {isa = PBXBuildFile; fileRef = 8BB2F7F31E47335400A674C9 /* Item.swift */; };
/* End PBXBuildFile section */

/* Begin PBXContainerItemProxy section */
		8B396C001E360A6200197142 /* PBXContainerItemProxy */ = {
			isa = PBXContainerItemProxy;
			containerPortal = 8B396BE41E360A6100197142 /* Project object */;
			proxyType = 1;
			remoteGlobalIDString = 8B396BFD1E360A6200197142;
			remoteInfo = "Alarm WatchKit App";
		};
		8B396C0F1E360A6200197142 /* PBXContainerItemProxy */ = {
			isa = PBXContainerItemProxy;
			containerPortal = 8B396BE41E360A6100197142 /* Project object */;
			proxyType = 1;
			remoteGlobalIDString = 8B396C0C1E360A6200197142;
			remoteInfo = "Alarm WatchKit Extension";
		};
/* End PBXContainerItemProxy section */

/* Begin PBXCopyFilesBuildPhase section */
		8B396C241E360A6200197142 /* Embed App Extensions */ = {
			isa = PBXCopyFilesBuildPhase;
			buildActionMask = 2147483647;
			dstPath = "";
			dstSubfolderSpec = 13;
			files = (
				8B396C0E1E360A6200197142 /* Alarm WatchKit Extension.appex in Embed App Extensions */,
			);
			name = "Embed App Extensions";
			runOnlyForDeploymentPostprocessing = 0;
		};
		8B396C281E360A6200197142 /* Embed Watch Content */ = {
			isa = PBXCopyFilesBuildPhase;
			buildActionMask = 2147483647;
			dstPath = "$(CONTENTS_FOLDER_PATH)/Watch";
			dstSubfolderSpec = 16;
			files = (
				8B396BFF1E360A6200197142 /* Alarm WatchKit App.app in Embed Watch Content */,
			);
			name = "Embed Watch Content";
			runOnlyForDeploymentPostprocessing = 0;
		};
/* End PBXCopyFilesBuildPhase section */

/* Begin PBXFileReference section */
		8B396BEC1E360A6100197142 /* Alarm.app */ = {isa = PBXFileReference; explicitFileType = wrapper.application; includeInIndex = 0; path = Alarm.app; sourceTree = BUILT_PRODUCTS_DIR; };
		8B396BEF1E360A6100197142 /* AppDelegate.swift */ = {isa = PBXFileReference; lastKnownFileType = sourcecode.swift; path = AppDelegate.swift; sourceTree = "<group>"; };
		8B396BF11E360A6100197142 /* ViewController.swift */ = {isa = PBXFileReference; lastKnownFileType = sourcecode.swift; path = ViewController.swift; sourceTree = "<group>"; };
		8B396BF41E360A6100197142 /* Base */ = {isa = PBXFileReference; lastKnownFileType = file.storyboard; name = Base; path = Base.lproj/Main.storyboard; sourceTree = "<group>"; };
		8B396BF61E360A6100197142 /* Assets.xcassets */ = {isa = PBXFileReference; lastKnownFileType = folder.assetcatalog; path = Assets.xcassets; sourceTree = "<group>"; };
		8B396BF91E360A6100197142 /* Base */ = {isa = PBXFileReference; lastKnownFileType = file.storyboard; name = Base; path = Base.lproj/LaunchScreen.storyboard; sourceTree = "<group>"; };
		8B396BFB1E360A6100197142 /* Info.plist */ = {isa = PBXFileReference; lastKnownFileType = text.plist.xml; path = Info.plist; sourceTree = "<group>"; };
		8B396BFE1E360A6200197142 /* Alarm WatchKit App.app */ = {isa = PBXFileReference; explicitFileType = wrapper.application; includeInIndex = 0; path = "Alarm WatchKit App.app"; sourceTree = BUILT_PRODUCTS_DIR; };
		8B396C041E360A6200197142 /* Base */ = {isa = PBXFileReference; lastKnownFileType = file.storyboard; name = Base; path = Base.lproj/Interface.storyboard; sourceTree = "<group>"; };
		8B396C061E360A6200197142 /* Assets.xcassets */ = {isa = PBXFileReference; lastKnownFileType = folder.assetcatalog; path = Assets.xcassets; sourceTree = "<group>"; };
		8B396C081E360A6200197142 /* Info.plist */ = {isa = PBXFileReference; lastKnownFileType = text.plist.xml; path = Info.plist; sourceTree = "<group>"; };
		8B396C0D1E360A6200197142 /* Alarm WatchKit Extension.appex */ = {isa = PBXFileReference; explicitFileType = "wrapper.app-extension"; includeInIndex = 0; path = "Alarm WatchKit Extension.appex"; sourceTree = BUILT_PRODUCTS_DIR; };
		8B396C131E360A6200197142 /* PushNotificationPayload.apns */ = {isa = PBXFileReference; lastKnownFileType = text; path = PushNotificationPayload.apns; sourceTree = "<group>"; };
		8B396C141E360A6200197142 /* InterfaceController.swift */ = {isa = PBXFileReference; lastKnownFileType = sourcecode.swift; path = InterfaceController.swift; sourceTree = "<group>"; };
		8B396C161E360A6200197142 /* ExtensionDelegate.swift */ = {isa = PBXFileReference; lastKnownFileType = sourcecode.swift; path = ExtensionDelegate.swift; sourceTree = "<group>"; };
		8B396C181E360A6200197142 /* NotificationController.swift */ = {isa = PBXFileReference; lastKnownFileType = sourcecode.swift; path = NotificationController.swift; sourceTree = "<group>"; };
		8B396C1A1E360A6200197142 /* ComplicationController.swift */ = {isa = PBXFileReference; lastKnownFileType = sourcecode.swift; path = ComplicationController.swift; sourceTree = "<group>"; };
		8B396C1C1E360A6200197142 /* Assets.xcassets */ = {isa = PBXFileReference; lastKnownFileType = folder.assetcatalog; path = Assets.xcassets; sourceTree = "<group>"; };
		8B396C1E1E360A6200197142 /* Info.plist */ = {isa = PBXFileReference; lastKnownFileType = text.plist.xml; path = Info.plist; sourceTree = "<group>"; };
		8B980C061E360B0C00C815BD /* Alarm.swift */ = {isa = PBXFileReference; fileEncoding = 4; lastKnownFileType = sourcecode.swift; path = Alarm.swift; sourceTree = "<group>"; };
		8BB2F7F11E47332E00A674C9 /* UIColorExtensions.swift */ = {isa = PBXFileReference; fileEncoding = 4; lastKnownFileType = sourcecode.swift; path = UIColorExtensions.swift; sourceTree = "<group>"; };
		8BB2F7F31E47335400A674C9 /* Item.swift */ = {isa = PBXFileReference; fileEncoding = 4; lastKnownFileType = sourcecode.swift; path = Item.swift; sourceTree = "<group>"; };
/* End PBXFileReference section */

/* Begin PBXFrameworksBuildPhase section */
		8B396BE91E360A6100197142 /* Frameworks */ = {
			isa = PBXFrameworksBuildPhase;
			buildActionMask = 2147483647;
			files = (
			);
			runOnlyForDeploymentPostprocessing = 0;
		};
		8B396C0A1E360A6200197142 /* Frameworks */ = {
			isa = PBXFrameworksBuildPhase;
			buildActionMask = 2147483647;
			files = (
			);
			runOnlyForDeploymentPostprocessing = 0;
		};
/* End PBXFrameworksBuildPhase section */

/* Begin PBXGroup section */
		8B396BE31E360A6100197142 = {
			isa = PBXGroup;
			children = (
				8B396BEE1E360A6100197142 /* Alarm */,
				8B396C021E360A6200197142 /* Alarm WatchKit App */,
				8B396C111E360A6200197142 /* Alarm WatchKit Extension */,
				8B396BED1E360A6100197142 /* Products */,
			);
			sourceTree = "<group>";
		};
		8B396BED1E360A6100197142 /* Products */ = {
			isa = PBXGroup;
			children = (
				8B396BEC1E360A6100197142 /* Alarm.app */,
				8B396BFE1E360A6200197142 /* Alarm WatchKit App.app */,
				8B396C0D1E360A6200197142 /* Alarm WatchKit Extension.appex */,
			);
			name = Products;
			sourceTree = "<group>";
		};
		8B396BEE1E360A6100197142 /* Alarm */ = {
			isa = PBXGroup;
			children = (
				8B980C061E360B0C00C815BD /* Alarm.swift */,
				8B396BEF1E360A6100197142 /* AppDelegate.swift */,
				8B396BF11E360A6100197142 /* ViewController.swift */,
				8BB2F7F31E47335400A674C9 /* Item.swift */,
				8BB2F7F11E47332E00A674C9 /* UIColorExtensions.swift */,
				8B396BF31E360A6100197142 /* Main.storyboard */,
				8B396BF61E360A6100197142 /* Assets.xcassets */,
				8B396BF81E360A6100197142 /* LaunchScreen.storyboard */,
				8B396BFB1E360A6100197142 /* Info.plist */,
			);
			path = Alarm;
			sourceTree = "<group>";
		};
		8B396C021E360A6200197142 /* Alarm WatchKit App */ = {
			isa = PBXGroup;
			children = (
				8B396C031E360A6200197142 /* Interface.storyboard */,
				8B396C061E360A6200197142 /* Assets.xcassets */,
				8B396C081E360A6200197142 /* Info.plist */,
			);
			path = "Alarm WatchKit App";
			sourceTree = "<group>";
		};
		8B396C111E360A6200197142 /* Alarm WatchKit Extension */ = {
			isa = PBXGroup;
			children = (
				8B396C141E360A6200197142 /* InterfaceController.swift */,
				8B396C161E360A6200197142 /* ExtensionDelegate.swift */,
				8B396C181E360A6200197142 /* NotificationController.swift */,
				8B396C1A1E360A6200197142 /* ComplicationController.swift */,
				8B396C1C1E360A6200197142 /* Assets.xcassets */,
				8B396C1E1E360A6200197142 /* Info.plist */,
				8B396C121E360A6200197142 /* Supporting Files */,
			);
			path = "Alarm WatchKit Extension";
			sourceTree = "<group>";
		};
		8B396C121E360A6200197142 /* Supporting Files */ = {
			isa = PBXGroup;
			children = (
				8B396C131E360A6200197142 /* PushNotificationPayload.apns */,
			);
			name = "Supporting Files";
			sourceTree = "<group>";
		};
/* End PBXGroup section */

/* Begin PBXNativeTarget section */
		8B396BEB1E360A6100197142 /* Alarm */ = {
			isa = PBXNativeTarget;
			buildConfigurationList = 8B396C291E360A6200197142 /* Build configuration list for PBXNativeTarget "Alarm" */;
			buildPhases = (
				8B396BE81E360A6100197142 /* Sources */,
				8B396BE91E360A6100197142 /* Frameworks */,
				8B396BEA1E360A6100197142 /* Resources */,
				8B396C281E360A6200197142 /* Embed Watch Content */,
			);
			buildRules = (
			);
			dependencies = (
				8B396C011E360A6200197142 /* PBXTargetDependency */,
			);
			name = Alarm;
			productName = Alarm;
			productReference = 8B396BEC1E360A6100197142 /* Alarm.app */;
			productType = "com.apple.product-type.application";
		};
		8B396BFD1E360A6200197142 /* Alarm WatchKit App */ = {
			isa = PBXNativeTarget;
			buildConfigurationList = 8B396C251E360A6200197142 /* Build configuration list for PBXNativeTarget "Alarm WatchKit App" */;
			buildPhases = (
				8B396BFC1E360A6200197142 /* Resources */,
				8B396C241E360A6200197142 /* Embed App Extensions */,
			);
			buildRules = (
			);
			dependencies = (
				8B396C101E360A6200197142 /* PBXTargetDependency */,
			);
			name = "Alarm WatchKit App";
			productName = "Alarm WatchKit App";
			productReference = 8B396BFE1E360A6200197142 /* Alarm WatchKit App.app */;
			productType = "com.apple.product-type.application.watchapp2";
		};
		8B396C0C1E360A6200197142 /* Alarm WatchKit Extension */ = {
			isa = PBXNativeTarget;
			buildConfigurationList = 8B396C211E360A6200197142 /* Build configuration list for PBXNativeTarget "Alarm WatchKit Extension" */;
			buildPhases = (
				8B396C091E360A6200197142 /* Sources */,
				8B396C0A1E360A6200197142 /* Frameworks */,
				8B396C0B1E360A6200197142 /* Resources */,
			);
			buildRules = (
			);
			dependencies = (
			);
			name = "Alarm WatchKit Extension";
			productName = "Alarm WatchKit Extension";
			productReference = 8B396C0D1E360A6200197142 /* Alarm WatchKit Extension.appex */;
			productType = "com.apple.product-type.watchkit2-extension";
		};
/* End PBXNativeTarget section */

/* Begin PBXProject section */
		8B396BE41E360A6100197142 /* Project object */ = {
			isa = PBXProject;
			attributes = {
				LastSwiftUpdateCheck = 0820;
				LastUpgradeCheck = 0820;
				ORGANIZATIONNAME = "Lasha Efremidze";
				TargetAttributes = {
					8B396BEB1E360A6100197142 = {
						CreatedOnToolsVersion = 8.2;
						DevelopmentTeam = NNRNHY2N8B;
						ProvisioningStyle = Automatic;
					};
					8B396BFD1E360A6200197142 = {
						CreatedOnToolsVersion = 8.2;
						DevelopmentTeam = NNRNHY2N8B;
						ProvisioningStyle = Automatic;
					};
					8B396C0C1E360A6200197142 = {
						CreatedOnToolsVersion = 8.2;
						DevelopmentTeam = NNRNHY2N8B;
						ProvisioningStyle = Automatic;
					};
				};
			};
			buildConfigurationList = 8B396BE71E360A6100197142 /* Build configuration list for PBXProject "Alarm" */;
			compatibilityVersion = "Xcode 3.2";
			developmentRegion = English;
			hasScannedForEncodings = 0;
			knownRegions = (
				en,
				Base,
			);
			mainGroup = 8B396BE31E360A6100197142;
			productRefGroup = 8B396BED1E360A6100197142 /* Products */;
			projectDirPath = "";
			projectRoot = "";
			targets = (
				8B396BEB1E360A6100197142 /* Alarm */,
				8B396BFD1E360A6200197142 /* Alarm WatchKit App */,
				8B396C0C1E360A6200197142 /* Alarm WatchKit Extension */,
			);
		};
/* End PBXProject section */

/* Begin PBXResourcesBuildPhase section */
		8B396BEA1E360A6100197142 /* Resources */ = {
			isa = PBXResourcesBuildPhase;
			buildActionMask = 2147483647;
			files = (
				8B396BFA1E360A6100197142 /* LaunchScreen.storyboard in Resources */,
				8B396BF71E360A6100197142 /* Assets.xcassets in Resources */,
				8B396BF51E360A6100197142 /* Main.storyboard in Resources */,
			);
			runOnlyForDeploymentPostprocessing = 0;
		};
		8B396BFC1E360A6200197142 /* Resources */ = {
			isa = PBXResourcesBuildPhase;
			buildActionMask = 2147483647;
			files = (
				8B396C071E360A6200197142 /* Assets.xcassets in Resources */,
				8B396C051E360A6200197142 /* Interface.storyboard in Resources */,
			);
			runOnlyForDeploymentPostprocessing = 0;
		};
		8B396C0B1E360A6200197142 /* Resources */ = {
			isa = PBXResourcesBuildPhase;
			buildActionMask = 2147483647;
			files = (
				8B396C1D1E360A6200197142 /* Assets.xcassets in Resources */,
			);
			runOnlyForDeploymentPostprocessing = 0;
		};
/* End PBXResourcesBuildPhase section */

/* Begin PBXSourcesBuildPhase section */
		8B396BE81E360A6100197142 /* Sources */ = {
			isa = PBXSourcesBuildPhase;
			buildActionMask = 2147483647;
			files = (
				8BB2F7F41E47335400A674C9 /* Item.swift in Sources */,
				8B396BF21E360A6100197142 /* ViewController.swift in Sources */,
				8B396BF01E360A6100197142 /* AppDelegate.swift in Sources */,
				8B980C071E360B0C00C815BD /* Alarm.swift in Sources */,
				8BB2F7F21E47332E00A674C9 /* UIColorExtensions.swift in Sources */,
			);
			runOnlyForDeploymentPostprocessing = 0;
		};
		8B396C091E360A6200197142 /* Sources */ = {
			isa = PBXSourcesBuildPhase;
			buildActionMask = 2147483647;
			files = (
				8B396C191E360A6200197142 /* NotificationController.swift in Sources */,
				8B396C1B1E360A6200197142 /* ComplicationController.swift in Sources */,
				8B396C171E360A6200197142 /* ExtensionDelegate.swift in Sources */,
				8B396C151E360A6200197142 /* InterfaceController.swift in Sources */,
			);
			runOnlyForDeploymentPostprocessing = 0;
		};
/* End PBXSourcesBuildPhase section */

/* Begin PBXTargetDependency section */
		8B396C011E360A6200197142 /* PBXTargetDependency */ = {
			isa = PBXTargetDependency;
			target = 8B396BFD1E360A6200197142 /* Alarm WatchKit App */;
			targetProxy = 8B396C001E360A6200197142 /* PBXContainerItemProxy */;
		};
		8B396C101E360A6200197142 /* PBXTargetDependency */ = {
			isa = PBXTargetDependency;
			target = 8B396C0C1E360A6200197142 /* Alarm WatchKit Extension */;
			targetProxy = 8B396C0F1E360A6200197142 /* PBXContainerItemProxy */;
		};
/* End PBXTargetDependency section */

/* Begin PBXVariantGroup section */
		8B396BF31E360A6100197142 /* Main.storyboard */ = {
			isa = PBXVariantGroup;
			children = (
				8B396BF41E360A6100197142 /* Base */,
			);
			name = Main.storyboard;
			sourceTree = "<group>";
		};
		8B396BF81E360A6100197142 /* LaunchScreen.storyboard */ = {
			isa = PBXVariantGroup;
			children = (
				8B396BF91E360A6100197142 /* Base */,
			);
			name = LaunchScreen.storyboard;
			sourceTree = "<group>";
		};
		8B396C031E360A6200197142 /* Interface.storyboard */ = {
			isa = PBXVariantGroup;
			children = (
				8B396C041E360A6200197142 /* Base */,
			);
			name = Interface.storyboard;
			sourceTree = "<group>";
		};
/* End PBXVariantGroup section */

/* Begin XCBuildConfiguration section */
		8B396C1F1E360A6200197142 /* Debug */ = {
			isa = XCBuildConfiguration;
			buildSettings = {
				ALWAYS_SEARCH_USER_PATHS = NO;
				CLANG_ANALYZER_NONNULL = YES;
				CLANG_CXX_LANGUAGE_STANDARD = "gnu++0x";
				CLANG_CXX_LIBRARY = "libc++";
				CLANG_ENABLE_MODULES = YES;
				CLANG_ENABLE_OBJC_ARC = YES;
				CLANG_WARN_BOOL_CONVERSION = YES;
				CLANG_WARN_CONSTANT_CONVERSION = YES;
				CLANG_WARN_DIRECT_OBJC_ISA_USAGE = YES_ERROR;
				CLANG_WARN_DOCUMENTATION_COMMENTS = YES;
				CLANG_WARN_EMPTY_BODY = YES;
				CLANG_WARN_ENUM_CONVERSION = YES;
				CLANG_WARN_INFINITE_RECURSION = YES;
				CLANG_WARN_INT_CONVERSION = YES;
				CLANG_WARN_OBJC_ROOT_CLASS = YES_ERROR;
				CLANG_WARN_SUSPICIOUS_MOVE = YES;
				CLANG_WARN_UNREACHABLE_CODE = YES;
				CLANG_WARN__DUPLICATE_METHOD_MATCH = YES;
				"CODE_SIGN_IDENTITY[sdk=iphoneos*]" = "iPhone Developer";
				COPY_PHASE_STRIP = NO;
				DEBUG_INFORMATION_FORMAT = dwarf;
				ENABLE_STRICT_OBJC_MSGSEND = YES;
				ENABLE_TESTABILITY = YES;
				GCC_C_LANGUAGE_STANDARD = gnu99;
				GCC_DYNAMIC_NO_PIC = NO;
				GCC_NO_COMMON_BLOCKS = YES;
				GCC_OPTIMIZATION_LEVEL = 0;
				GCC_PREPROCESSOR_DEFINITIONS = (
					"DEBUG=1",
					"$(inherited)",
				);
				GCC_WARN_64_TO_32_BIT_CONVERSION = YES;
				GCC_WARN_ABOUT_RETURN_TYPE = YES_ERROR;
				GCC_WARN_UNDECLARED_SELECTOR = YES;
				GCC_WARN_UNINITIALIZED_AUTOS = YES_AGGRESSIVE;
				GCC_WARN_UNUSED_FUNCTION = YES;
				GCC_WARN_UNUSED_VARIABLE = YES;
				IPHONEOS_DEPLOYMENT_TARGET = 10.0;
				MTL_ENABLE_DEBUG_INFO = YES;
				ONLY_ACTIVE_ARCH = YES;
				SDKROOT = iphoneos;
				SWIFT_ACTIVE_COMPILATION_CONDITIONS = DEBUG;
				SWIFT_OPTIMIZATION_LEVEL = "-Onone";
				TARGETED_DEVICE_FAMILY = "1,2";
			};
			name = Debug;
		};
		8B396C201E360A6200197142 /* Release */ = {
			isa = XCBuildConfiguration;
			buildSettings = {
				ALWAYS_SEARCH_USER_PATHS = NO;
				CLANG_ANALYZER_NONNULL = YES;
				CLANG_CXX_LANGUAGE_STANDARD = "gnu++0x";
				CLANG_CXX_LIBRARY = "libc++";
				CLANG_ENABLE_MODULES = YES;
				CLANG_ENABLE_OBJC_ARC = YES;
				CLANG_WARN_BOOL_CONVERSION = YES;
				CLANG_WARN_CONSTANT_CONVERSION = YES;
				CLANG_WARN_DIRECT_OBJC_ISA_USAGE = YES_ERROR;
				CLANG_WARN_DOCUMENTATION_COMMENTS = YES;
				CLANG_WARN_EMPTY_BODY = YES;
				CLANG_WARN_ENUM_CONVERSION = YES;
				CLANG_WARN_INFINITE_RECURSION = YES;
				CLANG_WARN_INT_CONVERSION = YES;
				CLANG_WARN_OBJC_ROOT_CLASS = YES_ERROR;
				CLANG_WARN_SUSPICIOUS_MOVE = YES;
				CLANG_WARN_UNREACHABLE_CODE = YES;
				CLANG_WARN__DUPLICATE_METHOD_MATCH = YES;
				"CODE_SIGN_IDENTITY[sdk=iphoneos*]" = "iPhone Developer";
				COPY_PHASE_STRIP = NO;
				DEBUG_INFORMATION_FORMAT = "dwarf-with-dsym";
				ENABLE_NS_ASSERTIONS = NO;
				ENABLE_STRICT_OBJC_MSGSEND = YES;
				GCC_C_LANGUAGE_STANDARD = gnu99;
				GCC_NO_COMMON_BLOCKS = YES;
				GCC_WARN_64_TO_32_BIT_CONVERSION = YES;
				GCC_WARN_ABOUT_RETURN_TYPE = YES_ERROR;
				GCC_WARN_UNDECLARED_SELECTOR = YES;
				GCC_WARN_UNINITIALIZED_AUTOS = YES_AGGRESSIVE;
				GCC_WARN_UNUSED_FUNCTION = YES;
				GCC_WARN_UNUSED_VARIABLE = YES;
				IPHONEOS_DEPLOYMENT_TARGET = 10.0;
				MTL_ENABLE_DEBUG_INFO = NO;
				SDKROOT = iphoneos;
				SWIFT_OPTIMIZATION_LEVEL = "-Owholemodule";
				TARGETED_DEVICE_FAMILY = "1,2";
				VALIDATE_PRODUCT = YES;
			};
			name = Release;
		};
		8B396C221E360A6200197142 /* Debug */ = {
			isa = XCBuildConfiguration;
			buildSettings = {
				ASSETCATALOG_COMPILER_COMPLICATION_NAME = Complication;
				DEVELOPMENT_TEAM = NNRNHY2N8B;
				INFOPLIST_FILE = "Alarm WatchKit Extension/Info.plist";
				LD_RUNPATH_SEARCH_PATHS = "$(inherited) @executable_path/Frameworks @executable_path/../../Frameworks";
				PRODUCT_BUNDLE_IDENTIFIER = com.efremidze.Alarm.watchkitapp.watchkitextension;
				PRODUCT_NAME = "${TARGET_NAME}";
				SDKROOT = watchos;
				SKIP_INSTALL = YES;
				SWIFT_VERSION = 3.0;
				TARGETED_DEVICE_FAMILY = 4;
				WATCHOS_DEPLOYMENT_TARGET = 3.1;
			};
			name = Debug;
		};
		8B396C231E360A6200197142 /* Release */ = {
			isa = XCBuildConfiguration;
			buildSettings = {
				ASSETCATALOG_COMPILER_COMPLICATION_NAME = Complication;
				DEVELOPMENT_TEAM = NNRNHY2N8B;
				INFOPLIST_FILE = "Alarm WatchKit Extension/Info.plist";
				LD_RUNPATH_SEARCH_PATHS = "$(inherited) @executable_path/Frameworks @executable_path/../../Frameworks";
				PRODUCT_BUNDLE_IDENTIFIER = com.efremidze.Alarm.watchkitapp.watchkitextension;
				PRODUCT_NAME = "${TARGET_NAME}";
				SDKROOT = watchos;
				SKIP_INSTALL = YES;
				SWIFT_VERSION = 3.0;
				TARGETED_DEVICE_FAMILY = 4;
				WATCHOS_DEPLOYMENT_TARGET = 3.1;
			};
			name = Release;
		};
		8B396C261E360A6200197142 /* Debug */ = {
			isa = XCBuildConfiguration;
			buildSettings = {
				ALWAYS_EMBED_SWIFT_STANDARD_LIBRARIES = YES;
				ASSETCATALOG_COMPILER_APPICON_NAME = AppIcon;
				DEVELOPMENT_TEAM = NNRNHY2N8B;
				IBSC_MODULE = Alarm_WatchKit_Extension;
				INFOPLIST_FILE = "Alarm WatchKit App/Info.plist";
				PRODUCT_BUNDLE_IDENTIFIER = com.efremidze.Alarm.watchkitapp;
				PRODUCT_NAME = "$(TARGET_NAME)";
				SDKROOT = watchos;
				SKIP_INSTALL = YES;
				SWIFT_VERSION = 3.0;
				TARGETED_DEVICE_FAMILY = 4;
				WATCHOS_DEPLOYMENT_TARGET = 3.1;
			};
			name = Debug;
		};
		8B396C271E360A6200197142 /* Release */ = {
			isa = XCBuildConfiguration;
			buildSettings = {
				ALWAYS_EMBED_SWIFT_STANDARD_LIBRARIES = YES;
				ASSETCATALOG_COMPILER_APPICON_NAME = AppIcon;
				DEVELOPMENT_TEAM = NNRNHY2N8B;
				IBSC_MODULE = Alarm_WatchKit_Extension;
				INFOPLIST_FILE = "Alarm WatchKit App/Info.plist";
				PRODUCT_BUNDLE_IDENTIFIER = com.efremidze.Alarm.watchkitapp;
				PRODUCT_NAME = "$(TARGET_NAME)";
				SDKROOT = watchos;
				SKIP_INSTALL = YES;
				SWIFT_VERSION = 3.0;
				TARGETED_DEVICE_FAMILY = 4;
				WATCHOS_DEPLOYMENT_TARGET = 3.1;
			};
			name = Release;
		};
		8B396C2A1E360A6200197142 /* Debug */ = {
			isa = XCBuildConfiguration;
			buildSettings = {
				ASSETCATALOG_COMPILER_APPICON_NAME = AppIcon;
				DEVELOPMENT_TEAM = NNRNHY2N8B;
				INFOPLIST_FILE = Alarm/Info.plist;
				LD_RUNPATH_SEARCH_PATHS = "$(inherited) @executable_path/Frameworks";
				PRODUCT_BUNDLE_IDENTIFIER = com.efremidze.Alarm;
				PRODUCT_NAME = "$(TARGET_NAME)";
				SWIFT_VERSION = 3.0;
			};
			name = Debug;
		};
		8B396C2B1E360A6200197142 /* Release */ = {
			isa = XCBuildConfiguration;
			buildSettings = {
				ASSETCATALOG_COMPILER_APPICON_NAME = AppIcon;
				DEVELOPMENT_TEAM = NNRNHY2N8B;
				INFOPLIST_FILE = Alarm/Info.plist;
				LD_RUNPATH_SEARCH_PATHS = "$(inherited) @executable_path/Frameworks";
				PRODUCT_BUNDLE_IDENTIFIER = com.efremidze.Alarm;
				PRODUCT_NAME = "$(TARGET_NAME)";
				SWIFT_VERSION = 3.0;
			};
			name = Release;
		};
/* End XCBuildConfiguration section */

/* Begin XCConfigurationList section */
		8B396BE71E360A6100197142 /* Build configuration list for PBXProject "Alarm" */ = {
			isa = XCConfigurationList;
			buildConfigurations = (
				8B396C1F1E360A6200197142 /* Debug */,
				8B396C201E360A6200197142 /* Release */,
			);
			defaultConfigurationIsVisible = 0;
			defaultConfigurationName = Release;
		};
		8B396C211E360A6200197142 /* Build configuration list for PBXNativeTarget "Alarm WatchKit Extension" */ = {
			isa = XCConfigurationList;
			buildConfigurations = (
				8B396C221E360A6200197142 /* Debug */,
				8B396C231E360A6200197142 /* Release */,
			);
			defaultConfigurationIsVisible = 0;
			defaultConfigurationName = Release;
		};
		8B396C251E360A6200197142 /* Build configuration list for PBXNativeTarget "Alarm WatchKit App" */ = {
			isa = XCConfigurationList;
			buildConfigurations = (
				8B396C261E360A6200197142 /* Debug */,
				8B396C271E360A6200197142 /* Release */,
			);
			defaultConfigurationIsVisible = 0;
			defaultConfigurationName = Release;
		};
		8B396C291E360A6200197142 /* Build configuration list for PBXNativeTarget "Alarm" */ = {
			isa = XCConfigurationList;
			buildConfigurations = (
				8B396C2A1E360A6200197142 /* Debug */,
				8B396C2B1E360A6200197142 /* Release */,
			);
			defaultConfigurationIsVisible = 0;
			defaultConfigurationName = Release;
		};
/* End XCConfigurationList section */
	};
	rootObject = 8B396BE41E360A6100197142 /* Project object */;
}
